
Microsoft Visual Studio Solution File, Format Version 12.00
# Visual Studio 15
Project("{FAE04EC0-301F-11D3-BF4B-00C04F79EFBC}") = "XNMapboxDemo", "XNMapboxDemo\XNMapboxDemo.csproj", "{EBFA169C-7E99-48E2-94FD-BF5B1AA6C2EE}"
EndProject
Project("{FAE04EC0-301F-11D3-BF4B-00C04F79EFBC}") = "XNMapboxDemo.Droid", "Droid\XNMapboxDemo.Droid.csproj", "{91F6B69F-85D3-4DEF-AD60-4543D958FFD4}"
EndProject
Project("{FAE04EC0-301F-11D3-BF4B-00C04F79EFBC}") = "XNMapboxDemo.iOS", "iOS\XNMapboxDemo.iOS.csproj", "{055A9307-E1BC-419F-AF9D-9CCFA46CD59B}"
EndProject
Global
	GlobalSection(SolutionConfigurationPlatforms) = preSolution
		Debug|Any CPU = Debug|Any CPU
		Release|Any CPU = Release|Any CPU
		Debug|iPhoneSimulator = Debug|iPhoneSimulator
		Release|iPhone = Release|iPhone
		Release|iPhoneSimulator = Release|iPhoneSimulator
		Debug|iPhone = Debug|iPhone
	EndGlobalSection
	GlobalSection(ProjectConfigurationPlatforms) = postSolution
		{EBFA169C-7E99-48E2-94FD-BF5B1AA6C2EE}.Debug|Any CPU.ActiveCfg = Debug|Any CPU
		{EBFA169C-7E99-48E2-94FD-BF5B1AA6C2EE}.Debug|Any CPU.Build.0 = Debug|Any CPU
		{EBFA169C-7E99-48E2-94FD-BF5B1AA6C2EE}.Release|Any CPU.ActiveCfg = Release|Any CPU
		{EBFA169C-7E99-48E2-94FD-BF5B1AA6C2EE}.Release|Any CPU.Build.0 = Release|Any CPU
		{EBFA169C-7E99-48E2-94FD-BF5B1AA6C2EE}.Debug|iPhoneSimulator.ActiveCfg = Debug|Any CPU
		{EBFA169C-7E99-48E2-94FD-BF5B1AA6C2EE}.Debug|iPhoneSimulator.Build.0 = Debug|Any CPU
		{EBFA169C-7E99-48E2-94FD-BF5B1AA6C2EE}.Release|iPhone.ActiveCfg = Release|Any CPU
		{EBFA169C-7E99-48E2-94FD-BF5B1AA6C2EE}.Release|iPhone.Build.0 = Release|Any CPU
		{EBFA169C-7E99-48E2-94FD-BF5B1AA6C2EE}.Release|iPhoneSimulator.ActiveCfg = Release|Any CPU
		{EBFA169C-7E99-48E2-94FD-BF5B1AA6C2EE}.Release|iPhoneSimulator.Build.0 = Release|Any CPU
		{EBFA169C-7E99-48E2-94FD-BF5B1AA6C2EE}.Debug|iPhone.ActiveCfg = Debug|Any CPU
		{EBFA169C-7E99-48E2-94FD-BF5B1AA6C2EE}.Debug|iPhone.Build.0 = Debug|Any CPU
		{91F6B69F-85D3-4DEF-AD60-4543D958FFD4}.Debug|Any CPU.ActiveCfg = Debug|Any CPU
		{91F6B69F-85D3-4DEF-AD60-4543D958FFD4}.Debug|Any CPU.Build.0 = Debug|Any CPU
		{91F6B69F-85D3-4DEF-AD60-4543D958FFD4}.Release|Any CPU.ActiveCfg = Release|Any CPU
		{91F6B69F-85D3-4DEF-AD60-4543D958FFD4}.Release|Any CPU.Build.0 = Release|Any CPU
		{91F6B69F-85D3-4DEF-AD60-4543D958FFD4}.Debug|iPhoneSimulator.ActiveCfg = Debug|Any CPU
		{91F6B69F-85D3-4DEF-AD60-4543D958FFD4}.Debug|iPhoneSimulator.Build.0 = Debug|Any CPU
		{91F6B69F-85D3-4DEF-AD60-4543D958FFD4}.Release|iPhone.ActiveCfg = Release|Any CPU
		{91F6B69F-85D3-4DEF-AD60-4543D958FFD4}.Release|iPhone.Build.0 = Release|Any CPU
		{91F6B69F-85D3-4DEF-AD60-4543D958FFD4}.Release|iPhoneSimulator.ActiveCfg = Release|Any CPU
		{91F6B69F-85D3-4DEF-AD60-4543D958FFD4}.Release|iPhoneSimulator.Build.0 = Release|Any CPU
		{91F6B69F-85D3-4DEF-AD60-4543D958FFD4}.Debug|iPhone.ActiveCfg = Debug|Any CPU
		{91F6B69F-85D3-4DEF-AD60-4543D958FFD4}.Debug|iPhone.Build.0 = Debug|Any CPU
		{055A9307-E1BC-419F-AF9D-9CCFA46CD59B}.Debug|Any CPU.ActiveCfg = Debug|iPhoneSimulator
		{055A9307-E1BC-419F-AF9D-9CCFA46CD59B}.Debug|Any CPU.Build.0 = Debug|iPhoneSimulator
		{055A9307-E1BC-419F-AF9D-9CCFA46CD59B}.Release|Any CPU.ActiveCfg = Release|iPhone
		{055A9307-E1BC-419F-AF9D-9CCFA46CD59B}.Release|Any CPU.Build.0 = Release|iPhone
		{055A9307-E1BC-419F-AF9D-9CCFA46CD59B}.Debug|iPhoneSimulator.ActiveCfg = Debug|iPhoneSimulator
		{055A9307-E1BC-419F-AF9D-9CCFA46CD59B}.Debug|iPhoneSimulator.Build.0 = Debug|iPhoneSimulator
		{055A9307-E1BC-419F-AF9D-9CCFA46CD59B}.Release|iPhone.ActiveCfg = Release|iPhone
		{055A9307-E1BC-419F-AF9D-9CCFA46CD59B}.Release|iPhone.Build.0 = Release|iPhone
		{055A9307-E1BC-419F-AF9D-9CCFA46CD59B}.Release|iPhoneSimulator.ActiveCfg = Release|iPhoneSimulator
		{055A9307-E1BC-419F-AF9D-9CCFA46CD59B}.Release|iPhoneSimulator.Build.0 = Release|iPhoneSimulator
		{055A9307-E1BC-419F-AF9D-9CCFA46CD59B}.Debug|iPhone.ActiveCfg = Debug|iPhone
		{055A9307-E1BC-419F-AF9D-9CCFA46CD59B}.Debug|iPhone.Build.0 = Debug|iPhone
	EndGlobalSection
EndGlobal
